PODS:
  - AutomationTools-Core (5.0.1):
    - AutomationTools-Core/Core (= 5.0.1)
  - AutomationTools-Core/Core (5.0.1)
  - AutomationTools-Host (5.0.1):
    - AutomationTools-Host/Host (= 5.0.1)
  - AutomationTools-Host/Host (5.0.1)

DEPENDENCIES:
  - AutomationTools-Core (from `../`)
  - AutomationTools-Host (from `../`)

EXTERNAL SOURCES:
  AutomationTools-Core:
    :path: "../"
  AutomationTools-Host:
    :path: "../"

SPEC CHECKSUMS:
  AutomationTools-Core: cf1574723a1010475155aa4c89d8b791d207ec12
  AutomationTools-Host: 2c2694586a841dc6770663a8e34bbd23cc26627b

PODFILE CHECKSUM: f7cb8316364a71f3c6e4a15850df0c9fd673c5bf

COCOAPODS: 1.10.2
