PODS:
  - AutomationTools/Core (1.1.0):
    - JustTweak
  - AutomationTools/HostApp (1.1.0):
    - JustTweak
  - JustTweak (4.0.0):
    - JustTweak/Core (= 4.0.0)
    - JustTweak/UI (= 4.0.0)
  - JustTweak/Core (4.0.0)
  - JustTweak/UI (4.0.0):
    - JustTweak/Core

DEPENDENCIES:
  - AutomationTools/Core (from `../`)
  - AutomationTools/HostApp (from `../`)
  - JustTweak (= 4.0.0)

SPEC REPOS:
  https://github.com/cocoapods/specs.git:
    - JustTweak

EXTERNAL SOURCES:
  AutomationTools:
    :path: "../"

SPEC CHECKSUMS:
  AutomationTools: bec0bb028c4fba543de6ab818dc59786adf28e65
  JustTweak: 3edc6464d63601037a507571c6efa27a55d75988

PODFILE CHECKSUM: b1f1ca5a679f1f82586e34ea188cb6036552c64b

COCOAPODS: 1.6.2
