PODS:
  - AutomationTools/Core (4.1.0)
  - AutomationTools/HostApp (4.1.0)

DEPENDENCIES:
  - AutomationTools/Core (from `../`)
  - AutomationTools/HostApp (from `../`)

EXTERNAL SOURCES:
  AutomationTools:
    :path: "../"

SPEC CHECKSUMS:
  AutomationTools: 3f655a5435a481606b50ea506602180c4dac6c4f

PODFILE CHECKSUM: 92dc065c8304485c4f74b34f7e3f06210caf3167

COCOAPODS: 1.8.4
